
Microsoft Visual Studio Solution File, Format Version 12.00
# Visual Studio Version 16
VisualStudioVersion = 16.0.30011.22
MinimumVisualStudioVersion = 10.0.40219.1
Project("{FAE04EC0-301F-11D3-BF4B-00C04F79EFBC}") = "TPSOA", "TPSOA\TPSOA.csproj", "{96E4AA50-3623-4BE8-9D55-F4D4622FB39E}"
EndProject
Project("{FAE04EC0-301F-11D3-BF4B-00C04F79EFBC}") = "StockManager", "StockManager\StockManager.csproj", "{CF77C01E-A092-4DDA-9F2B-D8D5AEF0C682}"
EndProject
Project("{FAE04EC0-301F-11D3-BF4B-00C04F79EFBC}") = "UserManager", "UserManager\UserManager.csproj", "{1288BF42-DD51-477C-A132-CA52AB75B4F0}"
EndProject
Project("{FAE04EC0-301F-11D3-BF4B-00C04F79EFBC}") = "BillManager", "BillManager\BillManager.csproj", "{611A94E7-6560-44C1-8BE8-E27D5A7AA43B}"
EndProject
Project("{FAE04EC0-301F-11D3-BF4B-00C04F79EFBC}") = "StockSDK", "StockSDK\StockSDK.csproj", "{2C6C15F6-10CC-4DA9-A1C0-4A236EB2E40A}"
EndProject
Project("{FAE04EC0-301F-11D3-BF4B-00C04F79EFBC}") = "UserSDK", "UserSDK\UserSDK.csproj", "{B34EFE4C-2705-4882-82E0-9786A3F41179}"
EndProject
Project("{FAE04EC0-301F-11D3-BF4B-00C04F79EFBC}") = "BillSDK", "BillSDK\BillSDK.csproj", "{F55D0BFB-2C0B-4C76-899C-4B478032F9A3}"
EndProject
Global
	GlobalSection(SolutionConfigurationPlatforms) = preSolution
		Debug|Any CPU = Debug|Any CPU
		Debug|x64 = Debug|x64
		Debug|x86 = Debug|x86
		Release|Any CPU = Release|Any CPU
		Release|x64 = Release|x64
		Release|x86 = Release|x86
	EndGlobalSection
	GlobalSection(ProjectConfigurationPlatforms) = postSolution
		{96E4AA50-3623-4BE8-9D55-F4D4622FB39E}.Debug|Any CPU.ActiveCfg = Debug|Any CPU
		{96E4AA50-3623-4BE8-9D55-F4D4622FB39E}.Debug|Any CPU.Build.0 = Debug|Any CPU
		{96E4AA50-3623-4BE8-9D55-F4D4622FB39E}.Debug|x64.ActiveCfg = Debug|Any CPU
		{96E4AA50-3623-4BE8-9D55-F4D4622FB39E}.Debug|x64.Build.0 = Debug|Any CPU
		{96E4AA50-3623-4BE8-9D55-F4D4622FB39E}.Debug|x86.ActiveCfg = Debug|Any CPU
		{96E4AA50-3623-4BE8-9D55-F4D4622FB39E}.Debug|x86.Build.0 = Debug|Any CPU
		{96E4AA50-3623-4BE8-9D55-F4D4622FB39E}.Release|Any CPU.ActiveCfg = Release|Any CPU
		{96E4AA50-3623-4BE8-9D55-F4D4622FB39E}.Release|Any CPU.Build.0 = Release|Any CPU
		{96E4AA50-3623-4BE8-9D55-F4D4622FB39E}.Release|x64.ActiveCfg = Release|Any CPU
		{96E4AA50-3623-4BE8-9D55-F4D4622FB39E}.Release|x64.Build.0 = Release|Any CPU
		{96E4AA50-3623-4BE8-9D55-F4D4622FB39E}.Release|x86.ActiveCfg = Release|Any CPU
		{96E4AA50-3623-4BE8-9D55-F4D4622FB39E}.Release|x86.Build.0 = Release|Any CPU
		{CF77C01E-A092-4DDA-9F2B-D8D5AEF0C682}.Debug|Any CPU.ActiveCfg = Debug|Any CPU
		{CF77C01E-A092-4DDA-9F2B-D8D5AEF0C682}.Debug|Any CPU.Build.0 = Debug|Any CPU
		{CF77C01E-A092-4DDA-9F2B-D8D5AEF0C682}.Debug|x64.ActiveCfg = Debug|Any CPU
		{CF77C01E-A092-4DDA-9F2B-D8D5AEF0C682}.Debug|x64.Build.0 = Debug|Any CPU
		{CF77C01E-A092-4DDA-9F2B-D8D5AEF0C682}.Debug|x86.ActiveCfg = Debug|Any CPU
		{CF77C01E-A092-4DDA-9F2B-D8D5AEF0C682}.Debug|x86.Build.0 = Debug|Any CPU
		{CF77C01E-A092-4DDA-9F2B-D8D5AEF0C682}.Release|Any CPU.ActiveCfg = Release|Any CPU
		{CF77C01E-A092-4DDA-9F2B-D8D5AEF0C682}.Release|Any CPU.Build.0 = Release|Any CPU
		{CF77C01E-A092-4DDA-9F2B-D8D5AEF0C682}.Release|x64.ActiveCfg = Release|Any CPU
		{CF77C01E-A092-4DDA-9F2B-D8D5AEF0C682}.Release|x64.Build.0 = Release|Any CPU
		{CF77C01E-A092-4DDA-9F2B-D8D5AEF0C682}.Release|x86.ActiveCfg = Release|Any CPU
		{CF77C01E-A092-4DDA-9F2B-D8D5AEF0C682}.Release|x86.Build.0 = Release|Any CPU
		{1288BF42-DD51-477C-A132-CA52AB75B4F0}.Debug|Any CPU.ActiveCfg = Debug|Any CPU
		{1288BF42-DD51-477C-A132-CA52AB75B4F0}.Debug|Any CPU.Build.0 = Debug|Any CPU
		{1288BF42-DD51-477C-A132-CA52AB75B4F0}.Debug|x64.ActiveCfg = Debug|Any CPU
		{1288BF42-DD51-477C-A132-CA52AB75B4F0}.Debug|x64.Build.0 = Debug|Any CPU
		{1288BF42-DD51-477C-A132-CA52AB75B4F0}.Debug|x86.ActiveCfg = Debug|Any CPU
		{1288BF42-DD51-477C-A132-CA52AB75B4F0}.Debug|x86.Build.0 = Debug|Any CPU
		{1288BF42-DD51-477C-A132-CA52AB75B4F0}.Release|Any CPU.ActiveCfg = Release|Any CPU
		{1288BF42-DD51-477C-A132-CA52AB75B4F0}.Release|Any CPU.Build.0 = Release|Any CPU
		{1288BF42-DD51-477C-A132-CA52AB75B4F0}.Release|x64.ActiveCfg = Release|Any CPU
		{1288BF42-DD51-477C-A132-CA52AB75B4F0}.Release|x64.Build.0 = Release|Any CPU
		{1288BF42-DD51-477C-A132-CA52AB75B4F0}.Release|x86.ActiveCfg = Release|Any CPU
		{1288BF42-DD51-477C-A132-CA52AB75B4F0}.Release|x86.Build.0 = Release|Any CPU
		{611A94E7-6560-44C1-8BE8-E27D5A7AA43B}.Debug|Any CPU.ActiveCfg = Debug|Any CPU
		{611A94E7-6560-44C1-8BE8-E27D5A7AA43B}.Debug|Any CPU.Build.0 = Debug|Any CPU
		{611A94E7-6560-44C1-8BE8-E27D5A7AA43B}.Debug|x64.ActiveCfg = Debug|Any CPU
		{611A94E7-6560-44C1-8BE8-E27D5A7AA43B}.Debug|x64.Build.0 = Debug|Any CPU
		{611A94E7-6560-44C1-8BE8-E27D5A7AA43B}.Debug|x86.ActiveCfg = Debug|Any CPU
		{611A94E7-6560-44C1-8BE8-E27D5A7AA43B}.Debug|x86.Build.0 = Debug|Any CPU
		{611A94E7-6560-44C1-8BE8-E27D5A7AA43B}.Release|Any CPU.ActiveCfg = Release|Any CPU
		{611A94E7-6560-44C1-8BE8-E27D5A7AA43B}.Release|Any CPU.Build.0 = Release|Any CPU
		{611A94E7-6560-44C1-8BE8-E27D5A7AA43B}.Release|x64.ActiveCfg = Release|Any CPU
		{611A94E7-6560-44C1-8BE8-E27D5A7AA43B}.Release|x64.Build.0 = Release|Any CPU
		{611A94E7-6560-44C1-8BE8-E27D5A7AA43B}.Release|x86.ActiveCfg = Release|Any CPU
		{611A94E7-6560-44C1-8BE8-E27D5A7AA43B}.Release|x86.Build.0 = Release|Any CPU
		{2C6C15F6-10CC-4DA9-A1C0-4A236EB2E40A}.Debug|Any CPU.ActiveCfg = Debug|Any CPU
		{2C6C15F6-10CC-4DA9-A1C0-4A236EB2E40A}.Debug|Any CPU.Build.0 = Debug|Any CPU
		{2C6C15F6-10CC-4DA9-A1C0-4A236EB2E40A}.Debug|x64.ActiveCfg = Debug|Any CPU
		{2C6C15F6-10CC-4DA9-A1C0-4A236EB2E40A}.Debug|x64.Build.0 = Debug|Any CPU
		{2C6C15F6-10CC-4DA9-A1C0-4A236EB2E40A}.Debug|x86.ActiveCfg = Debug|Any CPU
		{2C6C15F6-10CC-4DA9-A1C0-4A236EB2E40A}.Debug|x86.Build.0 = Debug|Any CPU
		{2C6C15F6-10CC-4DA9-A1C0-4A236EB2E40A}.Release|Any CPU.ActiveCfg = Release|Any CPU
		{2C6C15F6-10CC-4DA9-A1C0-4A236EB2E40A}.Release|Any CPU.Build.0 = Release|Any CPU
		{2C6C15F6-10CC-4DA9-A1C0-4A236EB2E40A}.Release|x64.ActiveCfg = Release|Any CPU
		{2C6C15F6-10CC-4DA9-A1C0-4A236EB2E40A}.Release|x64.Build.0 = Release|Any CPU
		{2C6C15F6-10CC-4DA9-A1C0-4A236EB2E40A}.Release|x86.ActiveCfg = Release|Any CPU
		{2C6C15F6-10CC-4DA9-A1C0-4A236EB2E40A}.Release|x86.Build.0 = Release|Any CPU
		{B34EFE4C-2705-4882-82E0-9786A3F41179}.Debug|Any CPU.ActiveCfg = Debug|Any CPU
		{B34EFE4C-2705-4882-82E0-9786A3F41179}.Debug|Any CPU.Build.0 = Debug|Any CPU
		{B34EFE4C-2705-4882-82E0-9786A3F41179}.Debug|x64.ActiveCfg = Debug|Any CPU
		{B34EFE4C-2705-4882-82E0-9786A3F41179}.Debug|x64.Build.0 = Debug|Any CPU
		{B34EFE4C-2705-4882-82E0-9786A3F41179}.Debug|x86.ActiveCfg = Debug|Any CPU
		{B34EFE4C-2705-4882-82E0-9786A3F41179}.Debug|x86.Build.0 = Debug|Any CPU
		{B34EFE4C-2705-4882-82E0-9786A3F41179}.Release|Any CPU.ActiveCfg = Release|Any CPU
		{B34EFE4C-2705-4882-82E0-9786A3F41179}.Release|Any CPU.Build.0 = Release|Any CPU
		{B34EFE4C-2705-4882-82E0-9786A3F41179}.Release|x64.ActiveCfg = Release|Any CPU
		{B34EFE4C-2705-4882-82E0-9786A3F41179}.Release|x64.Build.0 = Release|Any CPU
		{B34EFE4C-2705-4882-82E0-9786A3F41179}.Release|x86.ActiveCfg = Release|Any CPU
		{B34EFE4C-2705-4882-82E0-9786A3F41179}.Release|x86.Build.0 = Release|Any CPU
		{F55D0BFB-2C0B-4C76-899C-4B478032F9A3}.Debug|Any CPU.ActiveCfg = Debug|Any CPU
		{F55D0BFB-2C0B-4C76-899C-4B478032F9A3}.Debug|Any CPU.Build.0 = Debug|Any CPU
		{F55D0BFB-2C0B-4C76-899C-4B478032F9A3}.Debug|x64.ActiveCfg = Debug|Any CPU
		{F55D0BFB-2C0B-4C76-899C-4B478032F9A3}.Debug|x64.Build.0 = Debug|Any CPU
		{F55D0BFB-2C0B-4C76-899C-4B478032F9A3}.Debug|x86.ActiveCfg = Debug|Any CPU
		{F55D0BFB-2C0B-4C76-899C-4B478032F9A3}.Debug|x86.Build.0 = Debug|Any CPU
		{F55D0BFB-2C0B-4C76-899C-4B478032F9A3}.Release|Any CPU.ActiveCfg = Release|Any CPU
		{F55D0BFB-2C0B-4C76-899C-4B478032F9A3}.Release|Any CPU.Build.0 = Release|Any CPU
		{F55D0BFB-2C0B-4C76-899C-4B478032F9A3}.Release|x64.ActiveCfg = Release|Any CPU
		{F55D0BFB-2C0B-4C76-899C-4B478032F9A3}.Release|x64.Build.0 = Release|Any CPU
		{F55D0BFB-2C0B-4C76-899C-4B478032F9A3}.Release|x86.ActiveCfg = Release|Any CPU
		{F55D0BFB-2C0B-4C76-899C-4B478032F9A3}.Release|x86.Build.0 = Release|Any CPU
	EndGlobalSection
	GlobalSection(SolutionProperties) = preSolution
		HideSolutionNode = FALSE
	EndGlobalSection
	GlobalSection(ExtensibilityGlobals) = postSolution
		SolutionGuid = {56AB252A-E68F-4BE5-960C-F1922F038DA5}
	EndGlobalSection
EndGlobal
